{
    "_readme": [
        "This file locks the dependencies of your project to a known state",
        "Read more about it at http://getcomposer.org/doc/01-basic-usage.md#composer-lock-the-lock-file",
        "This file is @generated automatically"
    ],
    "hash": "c68535a931ed8d4f2ab2446e458ed5fb",
    "packages": [
        {
            "name": "azt3k/non-destructive-archive-installer",
            "version": "0.2.11",
            "source": {
                "type": "git",
                "url": "https://github.com/azt3k/non-destructive-archive-installer.git",
                "reference": "fb481b280ae326d79a1ba668f6b6dc658b336689"
            },
            "dist": {
                "type": "zip",
                "url": "https://api.github.com/repos/azt3k/non-destructive-archive-installer/zipball/fb481b280ae326d79a1ba668f6b6dc658b336689",
                "reference": "fb481b280ae326d79a1ba668f6b6dc658b336689",
                "shasum": ""
            },
            "require": {
                "php": ">=5.3.0"
            },
            "type": "composer-installer",
            "extra": {
                "class": [
                    "ABC\\Composer\\NonDestructiveArchiveInstallerInstaller"
                ]
            },
            "autoload": {
                "psr-0": {
                    "ABC": "src/"
                }
            },
            "notification-url": "https://packagist.org/downloads/",
            "license": [
                "MIT"
            ],
            "authors": [
                {
                    "name": "Aaron Latham-Ilari",
                    "email": "abcdigital@abcdigital.co.nz"
                }
            ],
            "description": "A composer installer type that allows you to unpack archives to a specific location in a non destructive way - it is very useful when some packages need to be installed inside another package folder - e.g. drupal and modules",
            "time": "2014-10-30 03:43:40"
        },
        {
            "name": "composer/installers",
            "version": "v1.0.20",
            "source": {
                "type": "git",
                "url": "https://github.com/composer/installers.git",
                "reference": "1bff8aa77a18f3616f468ed8000cf86a5725bac3"
            },
            "dist": {
                "type": "zip",
                "url": "https://api.github.com/repos/composer/installers/zipball/1bff8aa77a18f3616f468ed8000cf86a5725bac3",
                "reference": "1bff8aa77a18f3616f468ed8000cf86a5725bac3",
                "shasum": ""
            },
            "replace": {
                "roundcube/plugin-installer": "*",
                "shama/baton": "*"
            },
            "require-dev": {
                "composer/composer": "1.0.*@dev",
                "phpunit/phpunit": "4.1.*"
            },
            "type": "composer-installer",
            "extra": {
                "class": "Composer\\Installers\\Installer",
                "branch-alias": {
                    "dev-master": "1.0-dev"
                }
            },
            "autoload": {
                "psr-0": {
                    "Composer\\Installers\\": "src/"
                }
            },
            "notification-url": "https://packagist.org/downloads/",
            "license": [
                "MIT"
            ],
            "authors": [
                {
                    "name": "Kyle Robinson Young",
                    "email": "kyle@dontkry.com",
                    "homepage": "https://github.com/shama"
                }
            ],
            "description": "A multi-framework Composer library installer",
            "homepage": "http://composer.github.com/installers/",
            "keywords": [
                "Craft",
                "Dolibarr",
                "Hurad",
                "MODX Evo",
                "OXID",
                "SMF",
                "Thelia",
                "WolfCMS",
                "agl",
                "annotatecms",
                "bitrix",
                "cakephp",
                "chef",
                "codeigniter",
                "concrete5",
                "croogo",
                "dokuwiki",
                "drupal",
                "elgg",
                "fuelphp",
                "grav",
                "installer",
                "joomla",
                "kohana",
                "laravel",
                "lithium",
                "magento",
                "mako",
                "mediawiki",
                "modulework",
                "moodle",
                "phpbb",
                "piwik",
                "ppi",
                "puppet",
                "roundcube",
                "shopware",
                "silverstripe",
                "symfony",
                "typo3",
                "wordpress",
                "zend",
                "zikula"
            ],
            "time": "2015-01-11 03:51:11"
        },
        {
            "name": "drupal/admin_menu",
            "version": "7.3.0-rc4",
            "dist": {
                "type": "tar",
                "url": "http://ftp.drupal.org/files/projects/admin_menu-7.x-3.0-rc4.tar.gz",
                "reference": null,
                "shasum": null
            },
            "type": "drupal-module"
        },
        {
            "name": "drupal/advagg",
            "version": "7.2.7",
            "dist": {
                "type": "tar",
                "url": "http://ftp.drupal.org/files/projects/advagg-7.x-2.7.tar.gz",
                "reference": null,
                "shasum": null
            },
            "type": "drupal-module"
        },
        {
            "name": "drupal/ctools",
            "version": "7.1.4",
            "dist": {
                "type": "tar",
                "url": "http://ftp.drupal.org/files/projects/ctools-7.x-1.4.tar.gz",
                "reference": null,
                "shasum": null
            },
            "type": "drupal-module"
        },
        {
            "name": "drupal/diff",
            "version": "7.3.2",
            "dist": {
                "type": "tar",
                "url": "http://ftp.drupal.org/files/projects/diff-7.x-3.2.tar.gz",
                "reference": null,
                "shasum": null
            },
            "type": "drupal-module"
        },
        {
            "name": "drupal/drupal",
            "version": "7.34",
            "dist": {
                "type": "zip",
                "url": "http://ftp.drupal.org/files/projects/drupal-7.34.zip",
                "reference": null,
                "shasum": null
            },
            "require": {
                "azt3k/non-destructive-archive-installer": "*"
            },
            "type": "non-destructive-archive-installer",
            "extra": {
                "target-dir": "docroot",
                "omit-first-directory": "true",
                "always-install": "false"
            }
        },
        {
            "name": "drupal/entity",
            "version": "7.1.5",
            "dist": {
                "type": "tar",
                "url": "http://ftp.drupal.org/files/projects/entity-7.x-1.5.tar.gz",
                "reference": null,
                "shasum": null
            },
            "type": "drupal-module"
        },
        {
            "name": "drupal/features",
            "version": "7.2.2",
            "dist": {
                "type": "tar",
                "url": "http://ftp.drupal.org/files/projects/features-7.x-2.2.tar.gz",
                "reference": null,
                "shasum": null
            },
            "type": "drupal-module"
        },
        {
            "name": "drupal/registry_rebuild",
            "version": "7.2.2",
            "dist": {
                "type": "tar",
                "url": "http://ftp.drupal.org/files/projects/registry_rebuild-7.x-2.2.tar.gz",
                "reference": null,
                "shasum": null
            },
            "type": "drupal-drush"
        },
        {
            "name": "drupal/strongarm",
            "version": "7.2.0",
            "dist": {
                "type": "tar",
                "url": "http://ftp.drupal.org/files/projects/strongarm-7.x-2.0.tar.gz",
                "reference": null,
                "shasum": null
            },
            "type": "drupal-module"
        },
        {
            "name": "drupal/uuid",
            "version": "7.1.0-alpha5",
            "dist": {
                "type": "tar",
                "url": "http://ftp.drupal.org/files/projects/uuid-7.x-1.0-alpha5.tar.gz",
                "reference": null,
                "shasum": null
            },
            "type": "drupal-module"
        },
        {
            "name": "drupal/uuid_features",
            "version": "7.1.0-alpha4",
            "dist": {
                "type": "tar",
                "url": "http://ftp.drupal.org/files/projects/uuid_features-7.x-1.0-alpha4.tar.gz",
                "reference": null,
                "shasum": null
            },
            "type": "drupal-module"
        },
        {
            "name": "netresearch/composer-patches-plugin",
            "version": "1.0.1",
            "source": {
                "type": "git",
                "url": "https://github.com/netresearch/composer-patches-plugin.git",
                "reference": "41798117c1e5ff66ac696628bce4696115a965e1"
            },
            "dist": {
                "type": "zip",
                "url": "https://api.github.com/repos/netresearch/composer-patches-plugin/zipball/41798117c1e5ff66ac696628bce4696115a965e1",
                "reference": "41798117c1e5ff66ac696628bce4696115a965e1",
                "shasum": ""
            },
            "require": {
                "composer-plugin-api": "1.0.0"
            },
            "require-dev": {
                "composer/composer": "1.*"
            },
            "type": "composer-plugin",
            "extra": {
                "class": "Netresearch\\Composer\\Patches\\Plugin",
                "branch-alias": {
                    "dev-master": "1.0.x-dev"
                }
            },
            "autoload": {
                "psr-0": {
                    "": "src/"
                }
            },
            "notification-url": "https://packagist.org/downloads/",
            "license": [
                "GPL-2.0"
            ],
            "authors": [
                {
                    "name": "Christian Opitz",
                    "email": "christian.opitz@netresearch.de"
                }
            ],
            "description": "Composer patches plugin",
            "keywords": [
                "composer",
                "patches",
                "plugin"
            ],
            "time": "2014-05-12 11:29:27"
        },
        {
            "name": "patches/drupal-patches",
            "version": "1.0.0",
            "require": {
                "netresearch/composer-patches-plugin": "~1.0"
            },
            "type": "patches",
            "extra": {
                "patches": []
            }
        }
    ],
    "packages-dev": null,
    "aliases": [],
    "minimum-stability": "stable",
    "stability-flags": {
        "drupal/admin_menu": 5,
        "drupal/uuid": 15,
        "drupal/uuid_features": 15,
        "drupal/devel_themer": 20,
        "drupal/masquerade": 5,
        "drupal/module_filter": 15,
        "drupal/drupalgeddon": 20,
        "pheromone/phpcs-security-audit": 20,
        "lucasdemarchi/codespell": 20
    },
    "prefer-stable": false,
    "prefer-lowest": false,
    "platform": {
        "php": ">=5.3.3"
    },
    "platform-dev": []
}
